
Microsoft Visual Studio Solution File, Format Version 11.00
# Visual Studio 2010
Project("{FAE04EC0-301F-11D3-BF4B-00C04F79EFBC}") = "vuuvv.data", "vuuvv.data\vuuvv.data.csproj", "{1CA7FB96-7FCC-42B1-B953-3D43820E0338}"
EndProject
Project("{2150E333-8FDC-42A3-9474-1A3956D46DE8}") = "Solution Items", "Solution Items", "{EFAEDD8F-4A1E-4582-860D-0710DF502972}"
	ProjectSection(SolutionItems) = preProject
		Local.testsettings = Local.testsettings
		TraceAndTestImpact.testsettings = TraceAndTestImpact.testsettings
		vcms.vsmdi = vcms.vsmdi
	EndProjectSection
EndProject
Project("{FAE04EC0-301F-11D3-BF4B-00C04F79EFBC}") = "vuuvv.page", "vuuvv.page\vuuvv.page.csproj", "{294331E7-48AF-4846-9324-4D30491113D5}"
EndProject
Project("{FAE04EC0-301F-11D3-BF4B-00C04F79EFBC}") = "vuuvv.cms", "vuuvv.cms\vuuvv.cms.csproj", "{DD4827B7-C38A-46C4-A0DC-4FB95AD4DC88}"
EndProject
Global
	GlobalSection(TestCaseManagementSettings) = postSolution
		CategoryFile = vcms.vsmdi
	EndGlobalSection
	GlobalSection(SolutionConfigurationPlatforms) = preSolution
		Debug|Any CPU = Debug|Any CPU
		Release|Any CPU = Release|Any CPU
	EndGlobalSection
	GlobalSection(ProjectConfigurationPlatforms) = postSolution
		{1CA7FB96-7FCC-42B1-B953-3D43820E0338}.Debug|Any CPU.ActiveCfg = Debug|Any CPU
		{1CA7FB96-7FCC-42B1-B953-3D43820E0338}.Debug|Any CPU.Build.0 = Debug|Any CPU
		{1CA7FB96-7FCC-42B1-B953-3D43820E0338}.Release|Any CPU.ActiveCfg = Release|Any CPU
		{1CA7FB96-7FCC-42B1-B953-3D43820E0338}.Release|Any CPU.Build.0 = Release|Any CPU
		{294331E7-48AF-4846-9324-4D30491113D5}.Debug|Any CPU.ActiveCfg = Debug|Any CPU
		{294331E7-48AF-4846-9324-4D30491113D5}.Debug|Any CPU.Build.0 = Debug|Any CPU
		{294331E7-48AF-4846-9324-4D30491113D5}.Release|Any CPU.ActiveCfg = Release|Any CPU
		{294331E7-48AF-4846-9324-4D30491113D5}.Release|Any CPU.Build.0 = Release|Any CPU
		{DD4827B7-C38A-46C4-A0DC-4FB95AD4DC88}.Debug|Any CPU.ActiveCfg = Debug|Any CPU
		{DD4827B7-C38A-46C4-A0DC-4FB95AD4DC88}.Debug|Any CPU.Build.0 = Debug|Any CPU
		{DD4827B7-C38A-46C4-A0DC-4FB95AD4DC88}.Release|Any CPU.ActiveCfg = Release|Any CPU
		{DD4827B7-C38A-46C4-A0DC-4FB95AD4DC88}.Release|Any CPU.Build.0 = Release|Any CPU
	EndGlobalSection
	GlobalSection(SolutionProperties) = preSolution
		HideSolutionNode = FALSE
	EndGlobalSection
EndGlobal
